
Microsoft Visual Studio Solution File, Format Version 11.00
# Visual Basic Express 2010
Project("{F184B08F-C81C-45F6-A57F-5ABD9991F28F}") = "SubServer", "SubServer\SubServer.vbproj", "{7459E9B3-E6E0-4B7C-80A7-E7B3F92CD98F}"
EndProject
Global
	GlobalSection(SolutionConfigurationPlatforms) = preSolution
		Debug|x86 = Debug|x86
		Release|x86 = Release|x86
	EndGlobalSection
	GlobalSection(ProjectConfigurationPlatforms) = postSolution
		{7459E9B3-E6E0-4B7C-80A7-E7B3F92CD98F}.Debug|x86.ActiveCfg = Debug|x86
		{7459E9B3-E6E0-4B7C-80A7-E7B3F92CD98F}.Debug|x86.Build.0 = Debug|x86
		{7459E9B3-E6E0-4B7C-80A7-E7B3F92CD98F}.Release|x86.ActiveCfg = Release|x86
		{7459E9B3-E6E0-4B7C-80A7-E7B3F92CD98F}.Release|x86.Build.0 = Release|x86
	EndGlobalSection
	GlobalSection(SolutionProperties) = preSolution
		HideSolutionNode = FALSE
	EndGlobalSection
EndGlobal
